
Microsoft Visual Studio Solution File, Format Version 12.00
# Visual Studio Version 17
VisualStudioVersion = 17.11.35208.52
MinimumVisualStudioVersion = 10.0.40219.1
Project("{FAE04EC0-301F-11D3-BF4B-00C04F79EFBC}") = "581A", "581A\581A.csproj", "{D0597769-5DD8-4B20-B09B-6455BE98F407}"
EndProject
Project("{FAE04EC0-301F-11D3-BF4B-00C04F79EFBC}") = "282A", "282A\282A.csproj", "{84DDE076-5E3D-44FC-BCE5-7550693F804E}"
EndProject
Global
	GlobalSection(SolutionConfigurationPlatforms) = preSolution
		Debug|Any CPU = Debug|Any CPU
		Release|Any CPU = Release|Any CPU
	EndGlobalSection
	GlobalSection(ProjectConfigurationPlatforms) = postSolution
		{D0597769-5DD8-4B20-B09B-6455BE98F407}.Debug|Any CPU.ActiveCfg = Debug|Any CPU
		{D0597769-5DD8-4B20-B09B-6455BE98F407}.Debug|Any CPU.Build.0 = Debug|Any CPU
		{D0597769-5DD8-4B20-B09B-6455BE98F407}.Release|Any CPU.ActiveCfg = Release|Any CPU
		{D0597769-5DD8-4B20-B09B-6455BE98F407}.Release|Any CPU.Build.0 = Release|Any CPU
		{84DDE076-5E3D-44FC-BCE5-7550693F804E}.Debug|Any CPU.ActiveCfg = Debug|Any CPU
		{84DDE076-5E3D-44FC-BCE5-7550693F804E}.Debug|Any CPU.Build.0 = Debug|Any CPU
		{84DDE076-5E3D-44FC-BCE5-7550693F804E}.Release|Any CPU.ActiveCfg = Release|Any CPU
		{84DDE076-5E3D-44FC-BCE5-7550693F804E}.Release|Any CPU.Build.0 = Release|Any CPU
	EndGlobalSection
	GlobalSection(SolutionProperties) = preSolution
		HideSolutionNode = FALSE
	EndGlobalSection
	GlobalSection(ExtensibilityGlobals) = postSolution
		SolutionGuid = {1A4EFD77-4F33-4F17-A45F-ABC3903750E3}
	EndGlobalSection
EndGlobal
